Microsoft Visual Studio Solution File, Format Version 12.00
# Visual Studio Version 17
VisualStudioVersion = 17.5.2.0
MinimumVisualStudioVersion = 10.0.40219.1
Project("{FAE04EC0-301F-11D3-BF4B-00C04F79EFBC}") = "prabanchaDemoWebApp", "prabanchaDemoWebApp.csproj", "{DEA2AB2D-E65D-737C-B276-35B41DEE2AB8}"
EndProject
Global
	GlobalSection(SolutionConfigurationPlatforms) = preSolution
		Debug|Any CPU = Debug|Any CPU
		Release|Any CPU = Release|Any CPU
	EndGlobalSection
	GlobalSection(ProjectConfigurationPlatforms) = postSolution
		{DEA2AB2D-E65D-737C-B276-35B41DEE2AB8}.Debug|Any CPU.ActiveCfg = Debug|Any CPU
		{DEA2AB2D-E65D-737C-B276-35B41DEE2AB8}.Debug|Any CPU.Build.0 = Debug|Any CPU
		{DEA2AB2D-E65D-737C-B276-35B41DEE2AB8}.Release|Any CPU.ActiveCfg = Release|Any CPU
		{DEA2AB2D-E65D-737C-B276-35B41DEE2AB8}.Release|Any CPU.Build.0 = Release|Any CPU
	EndGlobalSection
	GlobalSection(SolutionProperties) = preSolution
		HideSolutionNode = FALSE
	EndGlobalSection
	GlobalSection(ExtensibilityGlobals) = postSolution
		SolutionGuid = {97D70DDE-FB13-4C02-8416-BC8DAFE3277A}
	EndGlobalSection
EndGlobal
